
Microsoft Visual Studio Solution File, Format Version 12.00
# Visual Studio Version 16
VisualStudioVersion = 16.0.30517.126
MinimumVisualStudioVersion = 10.0.40219.1
Project("{FAE04EC0-301F-11D3-BF4B-00C04F79EFBC}") = "Semana06", "Semana06\Semana06.csproj", "{50688F30-9B22-437E-B6EA-6B96A0D6F8A0}"
EndProject
Project("{FAE04EC0-301F-11D3-BF4B-00C04F79EFBC}") = "Data", "Data\Data.csproj", "{3199FCDD-F255-4378-A9B4-6345B3227C56}"
EndProject
Project("{FAE04EC0-301F-11D3-BF4B-00C04F79EFBC}") = "Bussines", "Bussines\Bussines.csproj", "{1F16AA41-F4CC-4898-954F-733B0DABA659}"
EndProject
Project("{FAE04EC0-301F-11D3-BF4B-00C04F79EFBC}") = "Entity", "Entity\Entity.csproj", "{EE864305-CF77-4A02-911C-10699704E385}"
EndProject
Global
	GlobalSection(SolutionConfigurationPlatforms) = preSolution
		Debug|Any CPU = Debug|Any CPU
		Release|Any CPU = Release|Any CPU
	EndGlobalSection
	GlobalSection(ProjectConfigurationPlatforms) = postSolution
		{50688F30-9B22-437E-B6EA-6B96A0D6F8A0}.Debug|Any CPU.ActiveCfg = Debug|Any CPU
		{50688F30-9B22-437E-B6EA-6B96A0D6F8A0}.Debug|Any CPU.Build.0 = Debug|Any CPU
		{50688F30-9B22-437E-B6EA-6B96A0D6F8A0}.Release|Any CPU.ActiveCfg = Release|Any CPU
		{50688F30-9B22-437E-B6EA-6B96A0D6F8A0}.Release|Any CPU.Build.0 = Release|Any CPU
		{3199FCDD-F255-4378-A9B4-6345B3227C56}.Debug|Any CPU.ActiveCfg = Debug|Any CPU
		{3199FCDD-F255-4378-A9B4-6345B3227C56}.Debug|Any CPU.Build.0 = Debug|Any CPU
		{3199FCDD-F255-4378-A9B4-6345B3227C56}.Release|Any CPU.ActiveCfg = Release|Any CPU
		{3199FCDD-F255-4378-A9B4-6345B3227C56}.Release|Any CPU.Build.0 = Release|Any CPU
		{1F16AA41-F4CC-4898-954F-733B0DABA659}.Debug|Any CPU.ActiveCfg = Debug|Any CPU
		{1F16AA41-F4CC-4898-954F-733B0DABA659}.Debug|Any CPU.Build.0 = Debug|Any CPU
		{1F16AA41-F4CC-4898-954F-733B0DABA659}.Release|Any CPU.ActiveCfg = Release|Any CPU
		{1F16AA41-F4CC-4898-954F-733B0DABA659}.Release|Any CPU.Build.0 = Release|Any CPU
		{EE864305-CF77-4A02-911C-10699704E385}.Debug|Any CPU.ActiveCfg = Debug|Any CPU
		{EE864305-CF77-4A02-911C-10699704E385}.Debug|Any CPU.Build.0 = Debug|Any CPU
		{EE864305-CF77-4A02-911C-10699704E385}.Release|Any CPU.ActiveCfg = Release|Any CPU
		{EE864305-CF77-4A02-911C-10699704E385}.Release|Any CPU.Build.0 = Release|Any CPU
	EndGlobalSection
	GlobalSection(SolutionProperties) = preSolution
		HideSolutionNode = FALSE
	EndGlobalSection
	GlobalSection(ExtensibilityGlobals) = postSolution
		SolutionGuid = {FE004E8A-33C4-46A3-92F8-007F2997E86D}
	EndGlobalSection
EndGlobal
